// !$*UTF8*$!
{
	archiveVersion = 1;
	classes = {
	};
	objectVersion = 77;
	objects = {

/* Begin PBXBuildFile section */
		A00100B12FDE900000B9C5E2 /* EVAi2Widget.appex in Embed Foundation Extensions */ = {isa = PBXBuildFile; fileRef = A00100A12FDE900000B9C5E2 /* EVAi2Widget.appex */; settings = {ATTRIBUTES = (RemoveHeadersOnCopy, ); }; };
/* End PBXBuildFile section */

/* Begin PBXContainerItemProxy section */
		A00100C12FDE900000B9C5E2 /* PBXContainerItemProxy */ = {
			isa = PBXContainerItemProxy;
			containerPortal = 59DEDADA2FDE83DD00B9C5E2 /* Project object */;
			proxyType = 1;
			remoteGlobalIDString = A00100912FDE900000B9C5E2;
			remoteInfo = EVAi2Widget;
		};
		B00100C12FDE900000B9C5E2 /* PBXContainerItemProxy */ = {
			isa = PBXContainerItemProxy;
			containerPortal = 59DEDADA2FDE83DD00B9C5E2 /* Project object */;
			proxyType = 1;
			remoteGlobalIDString = 59DEDAE12FDE83DD00B9C5E2;
			remoteInfo = EVAi2;
		};
/* End PBXContainerItemProxy section */

/* Begin PBXCopyFilesBuildPhase section */
		A00100D12FDE900000B9C5E2 /* Embed Foundation Extensions */ = {
			isa = PBXCopyFilesBuildPhase;
			buildActionMask = 2147483647;
			dstPath = "";
			dstSubfolderSpec = 13;
			files = (
				A00100B12FDE900000B9C5E2 /* EVAi2Widget.appex in Embed Foundation Extensions */,
			);
			name = "Embed Foundation Extensions";
			runOnlyForDeploymentPostprocessing = 0;
		};
/* End PBXCopyFilesBuildPhase section */

/* Begin PBXFileReference section */
		59DEDAE22FDE83DD00B9C5E2 /* EVAi2.app */ = {isa = PBXFileReference; explicitFileType = wrapper.application; includeInIndex = 0; path = EVAi2.app; sourceTree = BUILT_PRODUCTS_DIR; };
		A00100A12FDE900000B9C5E2 /* EVAi2Widget.appex */ = {isa = PBXFileReference; explicitFileType = "wrapper.app-extension"; includeInIndex = 0; path = EVAi2Widget.appex; sourceTree = BUILT_PRODUCTS_DIR; };
		B00100A12FDE900000B9C5E2 /* EVAi2Tests.xctest */ = {isa = PBXFileReference; explicitFileType = wrapper.cfbundle; includeInIndex = 0; path = EVAi2Tests.xctest; sourceTree = BUILT_PRODUCTS_DIR; };
/* End PBXFileReference section */

/* Begin PBXFileSystemSynchronizedBuildFileExceptionSet section */
		A00101012FDE900000B9C5E2 /* Exceptions for "EVAi2Widget" folder in "EVAi2Widget" target */ = {
			isa = PBXFileSystemSynchronizedBuildFileExceptionSet;
			membershipExceptions = (
				Info.plist,
			);
			target = A00100912FDE900000B9C5E2 /* EVAi2Widget */;
		};
		A00101022FDE900000B9C5E2 /* Exceptions for "EVAi2" folder in "EVAi2" target */ = {
			isa = PBXFileSystemSynchronizedBuildFileExceptionSet;
			membershipExceptions = (
				Info.plist,
			);
			target = 59DEDAE12FDE83DD00B9C5E2 /* EVAi2 */;
		};
/* End PBXFileSystemSynchronizedBuildFileExceptionSet section */

/* Begin PBXFileSystemSynchronizedRootGroup section */
		59DEDAE42FDE83DD00B9C5E2 /* EVAi2 */ = {
			isa = PBXFileSystemSynchronizedRootGroup;
			exceptions = (
				A00101022FDE900000B9C5E2 /* Exceptions for "EVAi2" folder in "EVAi2" target */,
			);
			path = EVAi2;
			sourceTree = "<group>";
		};
		A00100A22FDE900000B9C5E2 /* EVAi2Widget */ = {
			isa = PBXFileSystemSynchronizedRootGroup;
			exceptions = (
				A00101012FDE900000B9C5E2 /* Exceptions for "EVAi2Widget" folder in "EVAi2Widget" target */,
			);
			path = EVAi2Widget;
			sourceTree = "<group>";
		};
		B00100A22FDE900000B9C5E2 /* EVAi2Tests */ = {
			isa = PBXFileSystemSynchronizedRootGroup;
			path = EVAi2Tests;
			sourceTree = "<group>";
		};
/* End PBXFileSystemSynchronizedRootGroup section */

/* Begin PBXFrameworksBuildPhase section */
		59DEDADF2FDE83DD00B9C5E2 /* Frameworks */ = {
			isa = PBXFrameworksBuildPhase;
			buildActionMask = 2147483647;
			files = (
			);
			runOnlyForDeploymentPostprocessing = 0;
		};
		A00100A52FDE900000B9C5E2 /* Frameworks */ = {
			isa = PBXFrameworksBuildPhase;
			buildActionMask = 2147483647;
			files = (
			);
			runOnlyForDeploymentPostprocessing = 0;
		};
		B00100A52FDE900000B9C5E2 /* Frameworks */ = {
			isa = PBXFrameworksBuildPhase;
			buildActionMask = 2147483647;
			files = (
			);
			runOnlyForDeploymentPostprocessing = 0;
		};
/* End PBXFrameworksBuildPhase section */

/* Begin PBXGroup section */
		59DEDAD92FDE83DD00B9C5E2 = {
			isa = PBXGroup;
			children = (
				59DEDAE42FDE83DD00B9C5E2 /* EVAi2 */,
				A00100A22FDE900000B9C5E2 /* EVAi2Widget */,
				B00100A22FDE900000B9C5E2 /* EVAi2Tests */,
				59DEDAE32FDE83DD00B9C5E2 /* Products */,
			);
			sourceTree = "<group>";
		};
		59DEDAE32FDE83DD00B9C5E2 /* Products */ = {
			isa = PBXGroup;
			children = (
				59DEDAE22FDE83DD00B9C5E2 /* EVAi2.app */,
				A00100A12FDE900000B9C5E2 /* EVAi2Widget.appex */,
				B00100A12FDE900000B9C5E2 /* EVAi2Tests.xctest */,
			);
			name = Products;
			sourceTree = "<group>";
		};
/* End PBXGroup section */

/* Begin PBXNativeTarget section */
		59DEDAE12FDE83DD00B9C5E2 /* EVAi2 */ = {
			isa = PBXNativeTarget;
			buildConfigurationList = 59DEDAED2FDE83DF00B9C5E2 /* Build configuration list for PBXNativeTarget "EVAi2" */;
			buildPhases = (
				59DEDADE2FDE83DD00B9C5E2 /* Sources */,
				59DEDADF2FDE83DD00B9C5E2 /* Frameworks */,
				59DEDAE02FDE83DD00B9C5E2 /* Resources */,
				A00100D12FDE900000B9C5E2 /* Embed Foundation Extensions */,
			);
			buildRules = (
			);
			dependencies = (
				A00100E12FDE900000B9C5E2 /* PBXTargetDependency */,
			);
			fileSystemSynchronizedGroups = (
				59DEDAE42FDE83DD00B9C5E2 /* EVAi2 */,
			);
			name = EVAi2;
			packageProductDependencies = (
			);
			productName = EVAi2;
			productReference = 59DEDAE22FDE83DD00B9C5E2 /* EVAi2.app */;
			productType = "com.apple.product-type.application";
		};
		A00100912FDE900000B9C5E2 /* EVAi2Widget */ = {
			isa = PBXNativeTarget;
			buildConfigurationList = A00100F12FDE900000B9C5E2 /* Build configuration list for PBXNativeTarget "EVAi2Widget" */;
			buildPhases = (
				A00100A32FDE900000B9C5E2 /* Sources */,
				A00100A52FDE900000B9C5E2 /* Frameworks */,
				A00100A62FDE900000B9C5E2 /* Resources */,
			);
			buildRules = (
			);
			dependencies = (
			);
			fileSystemSynchronizedGroups = (
				A00100A22FDE900000B9C5E2 /* EVAi2Widget */,
			);
			name = EVAi2Widget;
			packageProductDependencies = (
			);
			productName = EVAi2Widget;
			productReference = A00100A12FDE900000B9C5E2 /* EVAi2Widget.appex */;
			productType = "com.apple.product-type.app-extension";
		};
		B00100912FDE900000B9C5E2 /* EVAi2Tests */ = {
			isa = PBXNativeTarget;
			buildConfigurationList = B00100F12FDE900000B9C5E2 /* Build configuration list for PBXNativeTarget "EVAi2Tests" */;
			buildPhases = (
				B00100A32FDE900000B9C5E2 /* Sources */,
				B00100A52FDE900000B9C5E2 /* Frameworks */,
				B00100A62FDE900000B9C5E2 /* Resources */,
			);
			buildRules = (
			);
			dependencies = (
				B00100E12FDE900000B9C5E2 /* PBXTargetDependency */,
			);
			fileSystemSynchronizedGroups = (
				B00100A22FDE900000B9C5E2 /* EVAi2Tests */,
			);
			name = EVAi2Tests;
			packageProductDependencies = (
			);
			productName = EVAi2Tests;
			productReference = B00100A12FDE900000B9C5E2 /* EVAi2Tests.xctest */;
			productType = "com.apple.product-type.bundle.unit-test";
		};
/* End PBXNativeTarget section */

/* Begin PBXProject section */
		59DEDADA2FDE83DD00B9C5E2 /* Project object */ = {
			isa = PBXProject;
			attributes = {
				BuildIndependentTargetsInParallel = 1;
				LastSwiftUpdateCheck = 2650;
				LastUpgradeCheck = 2650;
				TargetAttributes = {
					59DEDAE12FDE83DD00B9C5E2 = {
						CreatedOnToolsVersion = 26.5;
					};
					A00100912FDE900000B9C5E2 = {
						CreatedOnToolsVersion = 26.5;
					};
					B00100912FDE900000B9C5E2 = {
						CreatedOnToolsVersion = 26.5;
						TestTargetID = 59DEDAE12FDE83DD00B9C5E2;
					};
				};
			};
			buildConfigurationList = 59DEDADD2FDE83DD00B9C5E2 /* Build configuration list for PBXProject "EVAi2" */;
			developmentRegion = en;
			hasScannedForEncodings = 0;
			knownRegions = (
				en,
				Base,
			);
			mainGroup = 59DEDAD92FDE83DD00B9C5E2;
			minimizedProjectReferenceProxies = 1;
			preferredProjectObjectVersion = 77;
			productRefGroup = 59DEDAE32FDE83DD00B9C5E2 /* Products */;
			projectDirPath = "";
			projectRoot = "";
			targets = (
				59DEDAE12FDE83DD00B9C5E2 /* EVAi2 */,
				A00100912FDE900000B9C5E2 /* EVAi2Widget */,
				B00100912FDE900000B9C5E2 /* EVAi2Tests */,
			);
		};
/* End PBXProject section */

/* Begin PBXResourcesBuildPhase section */
		59DEDAE02FDE83DD00B9C5E2 /* Resources */ = {
			isa = PBXResourcesBuildPhase;
			buildActionMask = 2147483647;
			files = (
			);
			runOnlyForDeploymentPostprocessing = 0;
		};
		A00100A62FDE900000B9C5E2 /* Resources */ = {
			isa = PBXResourcesBuildPhase;
			buildActionMask = 2147483647;
			files = (
			);
			runOnlyForDeploymentPostprocessing = 0;
		};
		B00100A62FDE900000B9C5E2 /* Resources */ = {
			isa = PBXResourcesBuildPhase;
			buildActionMask = 2147483647;
			files = (
			);
			runOnlyForDeploymentPostprocessing = 0;
		};
/* End PBXResourcesBuildPhase section */

/* Begin PBXSourcesBuildPhase section */
		59DEDADE2FDE83DD00B9C5E2 /* Sources */ = {
			isa = PBXSourcesBuildPhase;
			buildActionMask = 2147483647;
			files = (
			);
			runOnlyForDeploymentPostprocessing = 0;
		};
		A00100A32FDE900000B9C5E2 /* Sources */ = {
			isa = PBXSourcesBuildPhase;
			buildActionMask = 2147483647;
			files = (
			);
			runOnlyForDeploymentPostprocessing = 0;
		};
		B00100A32FDE900000B9C5E2 /* Sources */ = {
			isa = PBXSourcesBuildPhase;
			buildActionMask = 2147483647;
			files = (
			);
			runOnlyForDeploymentPostprocessing = 0;
		};
/* End PBXSourcesBuildPhase section */

/* Begin PBXTargetDependency section */
		A00100E12FDE900000B9C5E2 /* PBXTargetDependency */ = {
			isa = PBXTargetDependency;
			target = A00100912FDE900000B9C5E2 /* EVAi2Widget */;
			targetProxy = A00100C12FDE900000B9C5E2 /* PBXContainerItemProxy */;
		};
		B00100E12FDE900000B9C5E2 /* PBXTargetDependency */ = {
			isa = PBXTargetDependency;
			target = 59DEDAE12FDE83DD00B9C5E2 /* EVAi2 */;
			targetProxy = B00100C12FDE900000B9C5E2 /* PBXContainerItemProxy */;
		};
/* End PBXTargetDependency section */

/* Begin XCBuildConfiguration section */
		59DEDAEB2FDE83DF00B9C5E2 /* Debug */ = {
			isa = XCBuildConfiguration;
			buildSettings = {
				ALWAYS_SEARCH_USER_PATHS = NO;
				ASSETCATALOG_COMPILER_GENERATE_SWIFT_ASSET_SYMBOL_EXTENSIONS = YES;
				CLANG_ANALYZER_NONNULL = YES;
				CLANG_ANALYZER_NUMBER_OBJECT_CONVERSION = YES_AGGRESSIVE;
				CLANG_CXX_LANGUAGE_STANDARD = "gnu++20";
				CLANG_ENABLE_MODULES = YES;
				CLANG_ENABLE_OBJC_ARC = YES;
				CLANG_ENABLE_OBJC_WEAK = YES;
				CLANG_WARN_BLOCK_CAPTURE_AUTORELEASING = YES;
				CLANG_WARN_BOOL_CONVERSION = YES;
				CLANG_WARN_COMMA = YES;
				CLANG_WARN_CONSTANT_CONVERSION = YES;
				CLANG_WARN_DEPRECATED_OBJC_IMPLEMENTATIONS = YES;
				CLANG_WARN_DIRECT_OBJC_ISA_USAGE = YES_ERROR;
				CLANG_WARN_DOCUMENTATION_COMMENTS = YES;
				CLANG_WARN_EMPTY_BODY = YES;
				CLANG_WARN_ENUM_CONVERSION = YES;
				CLANG_WARN_INFINITE_RECURSION = YES;
				CLANG_WARN_INT_CONVERSION = YES;
				CLANG_WARN_NON_LITERAL_NULL_CONVERSION = YES;
				CLANG_WARN_OBJC_IMPLICIT_RETAIN_SELF = YES;
				CLANG_WARN_OBJC_LITERAL_CONVERSION = YES;
				CLANG_WARN_OBJC_ROOT_CLASS = YES_ERROR;
				CLANG_WARN_QUOTED_INCLUDE_IN_FRAMEWORK_HEADER = YES;
				CLANG_WARN_RANGE_LOOP_ANALYSIS = YES;
				CLANG_WARN_STRICT_PROTOTYPES = YES;
				CLANG_WARN_SUSPICIOUS_MOVE = YES;
				CLANG_WARN_UNGUARDED_AVAILABILITY = YES_AGGRESSIVE;
				CLANG_WARN_UNREACHABLE_CODE = YES;
				CLANG_WARN__DUPLICATE_METHOD_MATCH = YES;
				COPY_PHASE_STRIP = NO;
				DEBUG_INFORMATION_FORMAT = dwarf;
				DEVELOPMENT_TEAM = 2MMLRV4STX;
				ENABLE_STRICT_OBJC_MSGSEND = YES;
				ENABLE_TESTABILITY = YES;
				ENABLE_USER_SCRIPT_SANDBOXING = YES;
				GCC_C_LANGUAGE_STANDARD = gnu17;
				GCC_DYNAMIC_NO_PIC = NO;
				GCC_NO_COMMON_BLOCKS = YES;
				GCC_OPTIMIZATION_LEVEL = 0;
				GCC_PREPROCESSOR_DEFINITIONS = (
					"DEBUG=1",
					"$(inherited)",
				);
				GCC_WARN_64_TO_32_BIT_CONVERSION = YES;
				GCC_WARN_ABOUT_RETURN_TYPE = YES_ERROR;
				GCC_WARN_UNDECLARED_SELECTOR = YES;
				GCC_WARN_UNINITIALIZED_AUTOS = YES_AGGRESSIVE;
				GCC_WARN_UNUSED_FUNCTION = YES;
				GCC_WARN_UNUSED_VARIABLE = YES;
				IPHONEOS_DEPLOYMENT_TARGET = 17.0;
				LOCALIZATION_PREFERS_STRING_CATALOGS = YES;
				MTL_ENABLE_DEBUG_INFO = INCLUDE_SOURCE;
				MTL_FAST_MATH = YES;
				ONLY_ACTIVE_ARCH = YES;
				SDKROOT = iphoneos;
				SWIFT_ACTIVE_COMPILATION_CONDITIONS = "DEBUG $(inherited)";
				SWIFT_OPTIMIZATION_LEVEL = "-Onone";
			};
			name = Debug;
		};
		59DEDAEC2FDE83DF00B9C5E2 /* Release */ = {
			isa = XCBuildConfiguration;
			buildSettings = {
				ALWAYS_SEARCH_USER_PATHS = NO;
				ASSETCATALOG_COMPILER_GENERATE_SWIFT_ASSET_SYMBOL_EXTENSIONS = YES;
				CLANG_ANALYZER_NONNULL = YES;
				CLANG_ANALYZER_NUMBER_OBJECT_CONVERSION = YES_AGGRESSIVE;
				CLANG_CXX_LANGUAGE_STANDARD = "gnu++20";
				CLANG_ENABLE_MODULES = YES;
				CLANG_ENABLE_OBJC_ARC = YES;
				CLANG_ENABLE_OBJC_WEAK = YES;
				CLANG_WARN_BLOCK_CAPTURE_AUTORELEASING = YES;
				CLANG_WARN_BOOL_CONVERSION = YES;
				CLANG_WARN_COMMA = YES;
				CLANG_WARN_CONSTANT_CONVERSION = YES;
				CLANG_WARN_DEPRECATED_OBJC_IMPLEMENTATIONS = YES;
				CLANG_WARN_DIRECT_OBJC_ISA_USAGE = YES_ERROR;
				CLANG_WARN_DOCUMENTATION_COMMENTS = YES;
				CLANG_WARN_EMPTY_BODY = YES;
				CLANG_WARN_ENUM_CONVERSION = YES;
				CLANG_WARN_INFINITE_RECURSION = YES;
				CLANG_WARN_INT_CONVERSION = YES;
				CLANG_WARN_NON_LITERAL_NULL_CONVERSION = YES;
				CLANG_WARN_OBJC_IMPLICIT_RETAIN_SELF = YES;
				CLANG_WARN_OBJC_LITERAL_CONVERSION = YES;
				CLANG_WARN_OBJC_ROOT_CLASS = YES_ERROR;
				CLANG_WARN_QUOTED_INCLUDE_IN_FRAMEWORK_HEADER = YES;
				CLANG_WARN_RANGE_LOOP_ANALYSIS = YES;
				CLANG_WARN_STRICT_PROTOTYPES = YES;
				CLANG_WARN_SUSPICIOUS_MOVE = YES;
				CLANG_WARN_UNGUARDED_AVAILABILITY = YES_AGGRESSIVE;
				CLANG_WARN_UNREACHABLE_CODE = YES;
				CLANG_WARN__DUPLICATE_METHOD_MATCH = YES;
				COPY_PHASE_STRIP = NO;
				DEBUG_INFORMATION_FORMAT = "dwarf-with-dsym";
				DEVELOPMENT_TEAM = 2MMLRV4STX;
				ENABLE_NS_ASSERTIONS = NO;
				ENABLE_STRICT_OBJC_MSGSEND = YES;
				ENABLE_USER_SCRIPT_SANDBOXING = YES;
				GCC_C_LANGUAGE_STANDARD = gnu17;
				GCC_NO_COMMON_BLOCKS = YES;
				GCC_WARN_64_TO_32_BIT_CONVERSION = YES;
				GCC_WARN_ABOUT_RETURN_TYPE = YES_ERROR;
				GCC_WARN_UNDECLARED_SELECTOR = YES;
				GCC_WARN_UNINITIALIZED_AUTOS = YES_AGGRESSIVE;
				GCC_WARN_UNUSED_FUNCTION = YES;
				GCC_WARN_UNUSED_VARIABLE = YES;
				IPHONEOS_DEPLOYMENT_TARGET = 17.0;
				LOCALIZATION_PREFERS_STRING_CATALOGS = YES;
				MTL_ENABLE_DEBUG_INFO = NO;
				MTL_FAST_MATH = YES;
				SDKROOT = iphoneos;
				SWIFT_COMPILATION_MODE = wholemodule;
				VALIDATE_PRODUCT = YES;
			};
			name = Release;
		};
		59DEDAEE2FDE83DF00B9C5E2 /* Debug */ = {
			isa = XCBuildConfiguration;
			buildSettings = {
				ASSETCATALOG_COMPILER_APPICON_NAME = AppIcon;
				ASSETCATALOG_COMPILER_GLOBAL_ACCENT_COLOR_NAME = AccentColor;
				CODE_SIGN_ENTITLEMENTS = EVAi2/EVAi2.entitlements;
				CODE_SIGN_STYLE = Automatic;
				CURRENT_PROJECT_VERSION = 1;
				DEVELOPMENT_TEAM = 2MMLRV4STX;
				ENABLE_PREVIEWS = YES;
				GENERATE_INFOPLIST_FILE = YES;
				INFOPLIST_FILE = EVAi2/Info.plist;
				INFOPLIST_KEY_NSCameraUsageDescription = "EVAi needs camera access to capture charging session photos.";
				INFOPLIST_KEY_NSPhotoLibraryUsageDescription = "EVAi needs photo library access to upload charging session images.";
				INFOPLIST_KEY_UIApplicationSceneManifest_Generation = YES;
				INFOPLIST_KEY_UIApplicationSupportsIndirectInputEvents = YES;
				INFOPLIST_KEY_UILaunchScreen_Generation = YES;
				INFOPLIST_KEY_UISupportedInterfaceOrientations_iPad = "UIInterfaceOrientationPortrait UIInterfaceOrientationPortraitUpsideDown UIInterfaceOrientationLandscapeLeft UIInterfaceOrientationLandscapeRight";
				INFOPLIST_KEY_UISupportedInterfaceOrientations_iPhone = "UIInterfaceOrientationPortrait UIInterfaceOrientationLandscapeLeft UIInterfaceOrientationLandscapeRight";
				LD_RUNPATH_SEARCH_PATHS = (
					"$(inherited)",
					"@executable_path/Frameworks",
				);
				MARKETING_VERSION = 1.0;
				PRODUCT_BUNDLE_IDENTIFIER = sg.tsc.EVAi2;
				PRODUCT_NAME = "$(TARGET_NAME)";
				STRING_CATALOG_GENERATE_SYMBOLS = YES;
				SWIFT_APPROACHABLE_CONCURRENCY = YES;
				SWIFT_DEFAULT_ACTOR_ISOLATION = MainActor;
				SWIFT_EMIT_LOC_STRINGS = YES;
				SWIFT_UPCOMING_FEATURE_MEMBER_IMPORT_VISIBILITY = YES;
				SWIFT_VERSION = 5.0;
				TARGETED_DEVICE_FAMILY = "1,2";
			};
			name = Debug;
		};
		59DEDAEF2FDE83DF00B9C5E2 /* Release */ = {
			isa = XCBuildConfiguration;
			buildSettings = {
				ASSETCATALOG_COMPILER_APPICON_NAME = AppIcon;
				ASSETCATALOG_COMPILER_GLOBAL_ACCENT_COLOR_NAME = AccentColor;
				CODE_SIGN_ENTITLEMENTS = EVAi2/EVAi2.entitlements;
				CODE_SIGN_STYLE = Automatic;
				CURRENT_PROJECT_VERSION = 1;
				DEVELOPMENT_TEAM = 2MMLRV4STX;
				ENABLE_PREVIEWS = YES;
				GENERATE_INFOPLIST_FILE = YES;
				INFOPLIST_FILE = EVAi2/Info.plist;
				INFOPLIST_KEY_NSCameraUsageDescription = "EVAi needs camera access to capture charging session photos.";
				INFOPLIST_KEY_NSPhotoLibraryUsageDescription = "EVAi needs photo library access to upload charging session images.";
				INFOPLIST_KEY_UIApplicationSceneManifest_Generation = YES;
				INFOPLIST_KEY_UIApplicationSupportsIndirectInputEvents = YES;
				INFOPLIST_KEY_UILaunchScreen_Generation = YES;
				INFOPLIST_KEY_UISupportedInterfaceOrientations_iPad = "UIInterfaceOrientationPortrait UIInterfaceOrientationPortraitUpsideDown UIInterfaceOrientationLandscapeLeft UIInterfaceOrientationLandscapeRight";
				INFOPLIST_KEY_UISupportedInterfaceOrientations_iPhone = "UIInterfaceOrientationPortrait UIInterfaceOrientationLandscapeLeft UIInterfaceOrientationLandscapeRight";
				LD_RUNPATH_SEARCH_PATHS = (
					"$(inherited)",
					"@executable_path/Frameworks",
				);
				MARKETING_VERSION = 1.0;
				PRODUCT_BUNDLE_IDENTIFIER = sg.tsc.EVAi2;
				PRODUCT_NAME = "$(TARGET_NAME)";
				STRING_CATALOG_GENERATE_SYMBOLS = YES;
				SWIFT_APPROACHABLE_CONCURRENCY = YES;
				SWIFT_DEFAULT_ACTOR_ISOLATION = MainActor;
				SWIFT_EMIT_LOC_STRINGS = YES;
				SWIFT_UPCOMING_FEATURE_MEMBER_IMPORT_VISIBILITY = YES;
				SWIFT_VERSION = 5.0;
				TARGETED_DEVICE_FAMILY = "1,2";
			};
			name = Release;
		};
		A00100F22FDE900000B9C5E2 /* Debug */ = {
			isa = XCBuildConfiguration;
			buildSettings = {
				CODE_SIGN_ENTITLEMENTS = EVAi2Widget/EVAi2Widget.entitlements;
				CODE_SIGN_STYLE = Automatic;
				CURRENT_PROJECT_VERSION = 1;
				DEVELOPMENT_TEAM = 2MMLRV4STX;
				GENERATE_INFOPLIST_FILE = NO;
				INFOPLIST_FILE = EVAi2Widget/Info.plist;
				INFOPLIST_KEY_NSHumanReadableCopyright = "";
				IPHONEOS_DEPLOYMENT_TARGET = 17.0;
				LD_RUNPATH_SEARCH_PATHS = (
					"$(inherited)",
					"@executable_path/Frameworks",
					"@executable_path/../../Frameworks",
				);
				MARKETING_VERSION = 1.0;
				PRODUCT_BUNDLE_IDENTIFIER = sg.tsc.EVAi2.EVAi2Widget;
				PRODUCT_NAME = "$(TARGET_NAME)";
				SKIP_INSTALL = YES;
				SWIFT_EMIT_LOC_STRINGS = YES;
				SWIFT_VERSION = 5.0;
				TARGETED_DEVICE_FAMILY = "1,2";
			};
			name = Debug;
		};
		A00100F32FDE900000B9C5E2 /* Release */ = {
			isa = XCBuildConfiguration;
			buildSettings = {
				CODE_SIGN_ENTITLEMENTS = EVAi2Widget/EVAi2Widget.entitlements;
				CODE_SIGN_STYLE = Automatic;
				CURRENT_PROJECT_VERSION = 1;
				DEVELOPMENT_TEAM = 2MMLRV4STX;
				GENERATE_INFOPLIST_FILE = NO;
				INFOPLIST_FILE = EVAi2Widget/Info.plist;
				INFOPLIST_KEY_NSHumanReadableCopyright = "";
				IPHONEOS_DEPLOYMENT_TARGET = 17.0;
				LD_RUNPATH_SEARCH_PATHS = (
					"$(inherited)",
					"@executable_path/Frameworks",
					"@executable_path/../../Frameworks",
				);
				MARKETING_VERSION = 1.0;
				PRODUCT_BUNDLE_IDENTIFIER = sg.tsc.EVAi2.EVAi2Widget;
				PRODUCT_NAME = "$(TARGET_NAME)";
				SKIP_INSTALL = YES;
				SWIFT_EMIT_LOC_STRINGS = YES;
				SWIFT_VERSION = 5.0;
				TARGETED_DEVICE_FAMILY = "1,2";
			};
			name = Release;
		};
		B00100F22FDE900000B9C5E2 /* Debug */ = {
			isa = XCBuildConfiguration;
			buildSettings = {
				BUNDLE_LOADER = "$(TEST_HOST)";
				CODE_SIGN_STYLE = Automatic;
				CURRENT_PROJECT_VERSION = 1;
				DEVELOPMENT_TEAM = 2MMLRV4STX;
				GENERATE_INFOPLIST_FILE = YES;
				IPHONEOS_DEPLOYMENT_TARGET = 17.0;
				MARKETING_VERSION = 1.0;
				PRODUCT_BUNDLE_IDENTIFIER = sg.tsc.EVAi2Tests;
				PRODUCT_NAME = "$(TARGET_NAME)";
				SWIFT_VERSION = 5.0;
				TARGETED_DEVICE_FAMILY = "1,2";
				TEST_HOST = "$(BUILT_PRODUCTS_DIR)/EVAi2.app/$(BUNDLE_EXECUTABLE_FOLDER_PATH)/EVAi2";
			};
			name = Debug;
		};
		B00100F32FDE900000B9C5E2 /* Release */ = {
			isa = XCBuildConfiguration;
			buildSettings = {
				BUNDLE_LOADER = "$(TEST_HOST)";
				CODE_SIGN_STYLE = Automatic;
				CURRENT_PROJECT_VERSION = 1;
				DEVELOPMENT_TEAM = 2MMLRV4STX;
				GENERATE_INFOPLIST_FILE = YES;
				IPHONEOS_DEPLOYMENT_TARGET = 17.0;
				MARKETING_VERSION = 1.0;
				PRODUCT_BUNDLE_IDENTIFIER = sg.tsc.EVAi2Tests;
				PRODUCT_NAME = "$(TARGET_NAME)";
				SWIFT_VERSION = 5.0;
				TARGETED_DEVICE_FAMILY = "1,2";
				TEST_HOST = "$(BUILT_PRODUCTS_DIR)/EVAi2.app/$(BUNDLE_EXECUTABLE_FOLDER_PATH)/EVAi2";
			};
			name = Release;
		};
/* End XCBuildConfiguration section */

/* Begin XCConfigurationList section */
		59DEDADD2FDE83DD00B9C5E2 /* Build configuration list for PBXProject "EVAi2" */ = {
			isa = XCConfigurationList;
			buildConfigurations = (
				59DEDAEB2FDE83DF00B9C5E2 /* Debug */,
				59DEDAEC2FDE83DF00B9C5E2 /* Release */,
			);
			defaultConfigurationIsVisible = 0;
			defaultConfigurationName = Release;
		};
		59DEDAED2FDE83DF00B9C5E2 /* Build configuration list for PBXNativeTarget "EVAi2" */ = {
			isa = XCConfigurationList;
			buildConfigurations = (
				59DEDAEE2FDE83DF00B9C5E2 /* Debug */,
				59DEDAEF2FDE83DF00B9C5E2 /* Release */,
			);
			defaultConfigurationIsVisible = 0;
			defaultConfigurationName = Release;
		};
		A00100F12FDE900000B9C5E2 /* Build configuration list for PBXNativeTarget "EVAi2Widget" */ = {
			isa = XCConfigurationList;
			buildConfigurations = (
				A00100F22FDE900000B9C5E2 /* Debug */,
				A00100F32FDE900000B9C5E2 /* Release */,
			);
			defaultConfigurationIsVisible = 0;
			defaultConfigurationName = Release;
		};
		B00100F12FDE900000B9C5E2 /* Build configuration list for PBXNativeTarget "EVAi2Tests" */ = {
			isa = XCConfigurationList;
			buildConfigurations = (
				B00100F22FDE900000B9C5E2 /* Debug */,
				B00100F32FDE900000B9C5E2 /* Release */,
			);
			defaultConfigurationIsVisible = 0;
			defaultConfigurationName = Release;
		};
/* End XCConfigurationList section */
	};
	rootObject = 59DEDADA2FDE83DD00B9C5E2 /* Project object */;
}
